<?xml version="1.0" encoding="utf-8"?>
<Project ToolsVersion="4.0" xmlns="http://schemas.microsoft.com/developer/msbuild/2003">
  <ItemGroup>
    <ClCompile Include="Card.cpp" />
    <ClCompile Include="CardDatabase.cpp" />
    <ClCompile Include="CardTable.cpp" />
    <ClCompile Include="ClockPuzzle.cpp" />
    <ClCompile Include="Door.cpp" />
    <ClCompile Include="Enemy.cpp" />
    <ClCompile Include="Entity.cpp" />
    <ClCompile Include="Game.cpp" />
    <ClCompile Include="Interactable.cpp" />
    <ClCompile Include="item.cpp" />
    <ClCompile Include="itemDatabase.cpp" />
    <ClCompile Include="inv.cpp" />
    <ClCompile Include="KeypadPuzzle.cpp" />
    <ClCompile Include="main.cpp" />
    <ClCompile Include="MapNode.cpp" />
    <ClCompile Include="MapRNG.cpp" />
    <ClCompile Include="Player.cpp" />
    <ClCompile Include="Puzzle.cpp" />
    <ClCompile Include="Room.cpp" />
    <ClCompile Include="RunMap.cpp" />
    <ClCompile Include="SymbolPuzzle.cpp" />
    <ClCompile Include="InspectableObject.cpp" />
    <ClCompile Include="BattleManager.cpp" />
    <ClCompile Include="revisedshop.cpp" />
    <ClCompile Include="TricksterPuzzle.cpp" />
  </ItemGroup>
  <ItemGroup>
    <ClInclude Include="Card.h" />
    <ClInclude Include="CardDatabase.h" />
    <ClInclude Include="CardTable.h" />
    <ClInclude Include="ClockPuzzle.h" />
    <ClInclude Include="Door.h" />
    <ClInclude Include="Enemy.h" />
    <ClInclude Include="Entity.h" />
    <ClInclude Include="Game.h" />
    <ClInclude Include="Interactable.h" />
    <ClInclude Include="item.h" />
    <ClInclude Include="itemDatabase.h" />
    <ClInclude Include="inv.h" />
    <ClInclude Include="KeypadPuzzle.h" />
    <ClInclude Include="MapNode.h" />
    <ClInclude Include="MapRNG.h" />
    <ClInclude Include="Player.h" />
    <ClInclude Include="Puzzle.h" />
    <ClInclude Include="Room.h" />
    <ClInclude Include="RunMap.h" />
    <ClInclude Include="SymbolPuzzle.h" />
    <ClInclude Include="InspectableObject.h" />
    <ClInclude Include="BattleManager.h" />
    <ClInclude Include="revisedshop.h" />
    <ClInclude Include="TricksterPuzzle.h" />
    <ClInclude Include="SurvivorPuzzle.h" />
  </ItemGroup>
  <ItemGroup>
    <None Include=".gitattributes" />
    <None Include=".gitignore" />
  </ItemGroup>
</Project>